<?xml version="1.0" encoding="UTF-8"?>
<Scheme
   LastUpgradeVersion = "1010"
   version = "1.3">
   <BuildAction
      parallelizeBuildables = "YES"
      buildImplicitDependencies = "YES">
      <BuildActionEntries>
         <BuildActionEntry
            buildForTesting = "YES"
            buildForRunning = "YES"
            buildForProfiling = "YES"
            buildForArchiving = "YES"
            buildForAnalyzing = "YES">
            <BuildableReference
               BuildableIdentifier = "primary"
               BlueprintIdentifier = "614173328BE3E8AF41047808"
               BuildableName = "Bloomly.app"
               BlueprintName = "Bloomly"
               ReferencedContainer = "container:Bloomly.xcodeproj">
            </BuildableReference>
         </BuildActionEntry>
         <BuildActionEntry
            buildForTesting = "YES"
            buildForRunning = "YES"
            buildForProfiling = "YES"
            buildForArchiving = "YES"
            buildForAnalyzing = "YES">
            <BuildableReference
               BuildableIdentifier = "primary"
               BlueprintIdentifier = "44C11F87C07ABF3A12BFC472"
               BuildableName = "BloomlyTests.xctest"
               BlueprintName = "BloomlyTests"
               ReferencedContainer = "container:Bloomly.xcodeproj">
            </BuildableReference>
         </BuildActionEntry>
         <BuildActionEntry
            buildForTesting = "YES"
            buildForRunning = "YES"
            buildForProfiling = "YES"
            buildForArchiving = "YES"
            buildForAnalyzing = "YES">
            <BuildableReference
               BuildableIdentifier = "primary"
               BlueprintIdentifier = "3027EE130299CA2DBF3FE3F7"
               BuildableName = "BloomlyUITests.xctest"
               BlueprintName = "BloomlyUITests"
               ReferencedContainer = "container:Bloomly.xcodeproj">
            </BuildableReference>
         </BuildActionEntry>
         <BuildActionEntry
            buildForTesting = "YES"
            buildForRunning = "YES"
            buildForProfiling = "YES"
            buildForArchiving = "YES"
            buildForAnalyzing = "YES">
            <BuildableReference
               BuildableIdentifier = "primary"
               BlueprintIdentifier = "1BD8BED88D950DB348E08903"
               BuildableName = "BloomlyWatch.app"
               BlueprintName = "BloomlyWatch"
               ReferencedContainer = "container:Bloomly.xcodeproj">
            </BuildableReference>
         </BuildActionEntry>
         <BuildActionEntry
            buildForTesting = "YES"
            buildForRunning = "YES"
            buildForProfiling = "YES"
            buildForArchiving = "YES"
            buildForAnalyzing = "YES">
            <BuildableReference
               BuildableIdentifier = "primary"
               BlueprintIdentifier = "FA49D68634B8E0923D8B4843"
               BuildableName = "BloomlyWatchExtension.appex"
               BlueprintName = "BloomlyWatchExtension"
               ReferencedContainer = "container:Bloomly.xcodeproj">
            </BuildableReference>
         </BuildActionEntry>
         <BuildActionEntry
            buildForTesting = "YES"
            buildForRunning = "YES"
            buildForProfiling = "YES"
            buildForArchiving = "YES"
            buildForAnalyzing = "YES">
            <BuildableReference
               BuildableIdentifier = "primary"
               BlueprintIdentifier = "8BCEAC13605256B1D02401A1"
               BuildableName = "BloomlyWidgets.appex"
               BlueprintName = "BloomlyWidgets"
               ReferencedContainer = "container:Bloomly.xcodeproj">
            </BuildableReference>
         </BuildActionEntry>
         <BuildActionEntry
            buildForTesting = "YES"
            buildForRunning = "YES"
            buildForProfiling = "YES"
            buildForArchiving = "YES"
            buildForAnalyzing = "YES">
            <BuildableReference
               BuildableIdentifier = "primary"
               BlueprintIdentifier = "7F80DE89AF49710F37DE98A9"
               BuildableName = "ContentTestsTarget.xctest"
               BlueprintName = "ContentTestsTarget"
               ReferencedContainer = "container:Bloomly.xcodeproj">
            </BuildableReference>
         </BuildActionEntry>
         <BuildActionEntry
            buildForTesting = "YES"
            buildForRunning = "YES"
            buildForProfiling = "YES"
            buildForArchiving = "YES"
            buildForAnalyzing = "YES">
            <BuildableReference
               BuildableIdentifier = "primary"
               BlueprintIdentifier = "6D0E91250BAB561EA084FDA2"
               BuildableName = "DesignSystemTestsTarget.xctest"
               BlueprintName = "DesignSystemTestsTarget"
               ReferencedContainer = "container:Bloomly.xcodeproj">
            </BuildableReference>
         </BuildActionEntry>
         <BuildActionEntry
            buildForTesting = "YES"
            buildForRunning = "YES"
            buildForProfiling = "YES"
            buildForArchiving = "YES"
            buildForAnalyzing = "YES">
            <BuildableReference
               BuildableIdentifier = "primary"
               BlueprintIdentifier = "E79A851FFFF46200AE55A7AF"
               BuildableName = "MeasurementsTestsTarget.xctest"
               BlueprintName = "MeasurementsTestsTarget"
               ReferencedContainer = "container:Bloomly.xcodeproj">
            </BuildableReference>
         </BuildActionEntry>
         <BuildActionEntry
            buildForTesting = "YES"
            buildForRunning = "YES"
            buildForProfiling = "YES"
            buildForArchiving = "YES"
            buildForAnalyzing = "YES">
            <BuildableReference
               BuildableIdentifier = "primary"
               BlueprintIdentifier = "AC4CAFEDEEA789F0980BDEF8"
               BuildableName = "PaywallTestsTarget.xctest"
               BlueprintName = "PaywallTestsTarget"
               ReferencedContainer = "container:Bloomly.xcodeproj">
            </BuildableReference>
         </BuildActionEntry>
         <BuildActionEntry
            buildForTesting = "YES"
            buildForRunning = "YES"
            buildForProfiling = "YES"
            buildForArchiving = "YES"
            buildForAnalyzing = "YES">
            <BuildableReference
               BuildableIdentifier = "primary"
               BlueprintIdentifier = "E7BF843373F144E4A76E9F49"
               BuildableName = "SyncTestsTarget.xctest"
               BlueprintName = "SyncTestsTarget"
               ReferencedContainer = "container:Bloomly.xcodeproj">
            </BuildableReference>
         </BuildActionEntry>
         <BuildActionEntry
            buildForTesting = "YES"
            buildForRunning = "YES"
            buildForProfiling = "YES"
            buildForArchiving = "YES"
            buildForAnalyzing = "YES">
            <BuildableReference
               BuildableIdentifier = "primary"
               BlueprintIdentifier = "D19B272B3B23FD28F05F94A1"
               BuildableName = "TimelineTestsTarget.xctest"
               BlueprintName = "TimelineTestsTarget"
               ReferencedContainer = "container:Bloomly.xcodeproj">
            </BuildableReference>
         </BuildActionEntry>
         <BuildActionEntry
            buildForTesting = "YES"
            buildForRunning = "YES"
            buildForProfiling = "YES"
            buildForArchiving = "YES"
            buildForAnalyzing = "YES">
            <BuildableReference
               BuildableIdentifier = "primary"
               BlueprintIdentifier = "DB563DACD8F3A48546D7525C"
               BuildableName = "TrackingTestsTarget.xctest"
               BlueprintName = "TrackingTestsTarget"
               ReferencedContainer = "container:Bloomly.xcodeproj">
            </BuildableReference>
         </BuildActionEntry>
         <BuildActionEntry
            buildForTesting = "YES"
            buildForRunning = "YES"
            buildForProfiling = "YES"
            buildForArchiving = "YES"
            buildForAnalyzing = "YES">
            <BuildableReference
               BuildableIdentifier = "primary"
               BlueprintIdentifier = "E0B4D412499F3BA3A3D771BA"
               BuildableName = "WatchAppTestsTarget.xctest"
               BlueprintName = "WatchAppTestsTarget"
               ReferencedContainer = "container:Bloomly.xcodeproj">
            </BuildableReference>
         </BuildActionEntry>
         <BuildActionEntry
            buildForTesting = "YES"
            buildForRunning = "YES"
            buildForProfiling = "YES"
            buildForArchiving = "YES"
            buildForAnalyzing = "YES">
            <BuildableReference
               BuildableIdentifier = "primary"
               BlueprintIdentifier = "2CBDC410830004F30F80DEC1"
               BuildableName = "WidgetsTestsTarget.xctest"
               BlueprintName = "WidgetsTestsTarget"
               ReferencedContainer = "container:Bloomly.xcodeproj">
            </BuildableReference>
         </BuildActionEntry>
      </BuildActionEntries>
   </BuildAction>
   <TestAction
      buildConfiguration = "Debug"
      selectedDebuggerIdentifier = "Xcode.DebuggerFoundation.Debugger.LLDB"
      selectedLauncherIdentifier = "Xcode.DebuggerFoundation.Launcher.LLDB"
      shouldUseLaunchSchemeArgsEnv = "YES">
      <Testables>
         <TestableReference
            skipped = "NO"
            parallelizable = "NO">
            <BuildableReference
               BuildableIdentifier = "primary"
               BlueprintIdentifier = "44C11F87C07ABF3A12BFC472"
               BuildableName = "BloomlyTests.xctest"
               BlueprintName = "BloomlyTests"
               ReferencedContainer = "container:Bloomly.xcodeproj">
            </BuildableReference>
         </TestableReference>
         <TestableReference
            skipped = "NO"
            parallelizable = "NO">
            <BuildableReference
               BuildableIdentifier = "primary"
               BlueprintIdentifier = "3027EE130299CA2DBF3FE3F7"
               BuildableName = "BloomlyUITests.xctest"
               BlueprintName = "BloomlyUITests"
               ReferencedContainer = "container:Bloomly.xcodeproj">
            </BuildableReference>
         </TestableReference>
         <TestableReference
            skipped = "NO"
            parallelizable = "NO">
            <BuildableReference
               BuildableIdentifier = "primary"
               BlueprintIdentifier = "7F80DE89AF49710F37DE98A9"
               BuildableName = "ContentTestsTarget.xctest"
               BlueprintName = "ContentTestsTarget"
               ReferencedContainer = "container:Bloomly.xcodeproj">
            </BuildableReference>
         </TestableReference>
         <TestableReference
            skipped = "NO"
            parallelizable = "NO">
            <BuildableReference
               BuildableIdentifier = "primary"
               BlueprintIdentifier = "6D0E91250BAB561EA084FDA2"
               BuildableName = "DesignSystemTestsTarget.xctest"
               BlueprintName = "DesignSystemTestsTarget"
               ReferencedContainer = "container:Bloomly.xcodeproj">
            </BuildableReference>
         </TestableReference>
         <TestableReference
            skipped = "NO"
            parallelizable = "NO">
            <BuildableReference
               BuildableIdentifier = "primary"
               BlueprintIdentifier = "E79A851FFFF46200AE55A7AF"
               BuildableName = "MeasurementsTestsTarget.xctest"
               BlueprintName = "MeasurementsTestsTarget"
               ReferencedContainer = "container:Bloomly.xcodeproj">
            </BuildableReference>
         </TestableReference>
         <TestableReference
            skipped = "NO"
            parallelizable = "NO">
            <BuildableReference
               BuildableIdentifier = "primary"
               BlueprintIdentifier = "AC4CAFEDEEA789F0980BDEF8"
               BuildableName = "PaywallTestsTarget.xctest"
               BlueprintName = "PaywallTestsTarget"
               ReferencedContainer = "container:Bloomly.xcodeproj">
            </BuildableReference>
         </TestableReference>
         <TestableReference
            skipped = "NO"
            parallelizable = "NO">
            <BuildableReference
               BuildableIdentifier = "primary"
               BlueprintIdentifier = "E7BF843373F144E4A76E9F49"
               BuildableName = "SyncTestsTarget.xctest"
               BlueprintName = "SyncTestsTarget"
               ReferencedContainer = "container:Bloomly.xcodeproj">
            </BuildableReference>
         </TestableReference>
         <TestableReference
            skipped = "NO"
            parallelizable = "NO">
            <BuildableReference
               BuildableIdentifier = "primary"
               BlueprintIdentifier = "D19B272B3B23FD28F05F94A1"
               BuildableName = "TimelineTestsTarget.xctest"
               BlueprintName = "TimelineTestsTarget"
               ReferencedContainer = "container:Bloomly.xcodeproj">
            </BuildableReference>
         </TestableReference>
         <TestableReference
            skipped = "NO"
            parallelizable = "NO">
            <BuildableReference
               BuildableIdentifier = "primary"
               BlueprintIdentifier = "DB563DACD8F3A48546D7525C"
               BuildableName = "TrackingTestsTarget.xctest"
               BlueprintName = "TrackingTestsTarget"
               ReferencedContainer = "container:Bloomly.xcodeproj">
            </BuildableReference>
         </TestableReference>
         <TestableReference
            skipped = "NO"
            parallelizable = "NO">
            <BuildableReference
               BuildableIdentifier = "primary"
               BlueprintIdentifier = "E0B4D412499F3BA3A3D771BA"
               BuildableName = "WatchAppTestsTarget.xctest"
               BlueprintName = "WatchAppTestsTarget"
               ReferencedContainer = "container:Bloomly.xcodeproj">
            </BuildableReference>
         </TestableReference>
         <TestableReference
            skipped = "NO"
            parallelizable = "NO">
            <BuildableReference
               BuildableIdentifier = "primary"
               BlueprintIdentifier = "2CBDC410830004F30F80DEC1"
               BuildableName = "WidgetsTestsTarget.xctest"
               BlueprintName = "WidgetsTestsTarget"
               ReferencedContainer = "container:Bloomly.xcodeproj">
            </BuildableReference>
         </TestableReference>
      </Testables>
   </TestAction>
   <LaunchAction
      buildConfiguration = "Debug"
      selectedDebuggerIdentifier = "Xcode.DebuggerFoundation.Debugger.LLDB"
      selectedLauncherIdentifier = "Xcode.DebuggerFoundation.Launcher.LLDB"
      launchStyle = "0"
      useCustomWorkingDirectory = "NO"
      ignoresPersistentStateOnLaunch = "NO"
      debugDocumentVersioning = "YES"
      debugServiceExtension = "internal"
      allowLocationSimulation = "YES">
      <BuildableProductRunnable
         runnableDebuggingMode = "0">
         <BuildableReference
            BuildableIdentifier = "primary"
            BlueprintIdentifier = "614173328BE3E8AF41047808"
            BuildableName = "Bloomly.app"
            BlueprintName = "Bloomly"
            ReferencedContainer = "container:Bloomly.xcodeproj">
         </BuildableReference>
      </BuildableProductRunnable>
   </LaunchAction>
   <ProfileAction
      buildConfiguration = "Release"
      shouldUseLaunchSchemeArgsEnv = "YES"
      savedToolIdentifier = ""
      useCustomWorkingDirectory = "NO"
      debugDocumentVersioning = "YES">
      <BuildableProductRunnable
         runnableDebuggingMode = "0">
         <BuildableReference
            BuildableIdentifier = "primary"
            BlueprintIdentifier = "614173328BE3E8AF41047808"
            BuildableName = "Bloomly.app"
            BlueprintName = "Bloomly"
            ReferencedContainer = "container:Bloomly.xcodeproj">
         </BuildableReference>
      </BuildableProductRunnable>
   </ProfileAction>
   <AnalyzeAction
      buildConfiguration = "Debug">
   </AnalyzeAction>
   <ArchiveAction
      buildConfiguration = "Release"
      revealArchiveInOrganizer = "YES">
   </ArchiveAction>
</Scheme>
