<?xml version="1.0" encoding="UTF-8"?>
<Scheme
   LastUpgradeVersion = "1010"
   version = "1.3">
   <BuildAction
      parallelizeBuildables = "YES"
      buildImplicitDependencies = "YES">
      <BuildActionEntries>
         <BuildActionEntry
            buildForTesting = "YES"
            buildForRunning = "YES"
            buildForProfiling = "YES"
            buildForArchiving = "YES"
            buildForAnalyzing = "YES">
            <BuildableReference
               BuildableIdentifier = "primary"
               BlueprintIdentifier = "632F845282F851F60815AD07"
               BuildableName = "Bloomly.app"
               BlueprintName = "Bloomly"
               ReferencedContainer = "container:Bloomly.xcodeproj">
            </BuildableReference>
         </BuildActionEntry>
         <BuildActionEntry
            buildForTesting = "YES"
            buildForRunning = "YES"
            buildForProfiling = "YES"
            buildForArchiving = "YES"
            buildForAnalyzing = "YES">
            <BuildableReference
               BuildableIdentifier = "primary"
               BlueprintIdentifier = "AA02F76C55B8DB90B241A1C2"
               BuildableName = "BloomlyTests.xctest"
               BlueprintName = "BloomlyTests"
               ReferencedContainer = "container:Bloomly.xcodeproj">
            </BuildableReference>
         </BuildActionEntry>
         <BuildActionEntry
            buildForTesting = "YES"
            buildForRunning = "YES"
            buildForProfiling = "YES"
            buildForArchiving = "YES"
            buildForAnalyzing = "YES">
            <BuildableReference
               BuildableIdentifier = "primary"
               BlueprintIdentifier = "0EBC79E75494EE6ED3920E69"
               BuildableName = "BloomlyUITests.xctest"
               BlueprintName = "BloomlyUITests"
               ReferencedContainer = "container:Bloomly.xcodeproj">
            </BuildableReference>
         </BuildActionEntry>
         <BuildActionEntry
            buildForTesting = "YES"
            buildForRunning = "YES"
            buildForProfiling = "YES"
            buildForArchiving = "YES"
            buildForAnalyzing = "YES">
            <BuildableReference
               BuildableIdentifier = "primary"
               BlueprintIdentifier = "911D5C386861B31808F322D6"
               BuildableName = "BloomlyWatch.app"
               BlueprintName = "BloomlyWatch"
               ReferencedContainer = "container:Bloomly.xcodeproj">
            </BuildableReference>
         </BuildActionEntry>
         <BuildActionEntry
            buildForTesting = "YES"
            buildForRunning = "YES"
            buildForProfiling = "YES"
            buildForArchiving = "YES"
            buildForAnalyzing = "YES">
            <BuildableReference
               BuildableIdentifier = "primary"
               BlueprintIdentifier = "AA0EE4C600B81E1BA2524BE0"
               BuildableName = "BloomlyWatchExtension.appex"
               BlueprintName = "BloomlyWatchExtension"
               ReferencedContainer = "container:Bloomly.xcodeproj">
            </BuildableReference>
         </BuildActionEntry>
         <BuildActionEntry
            buildForTesting = "YES"
            buildForRunning = "YES"
            buildForProfiling = "YES"
            buildForArchiving = "YES"
            buildForAnalyzing = "YES">
            <BuildableReference
               BuildableIdentifier = "primary"
               BlueprintIdentifier = "BDCCB4B936B6BE4608715C0B"
               BuildableName = "BloomlyWidgets.appex"
               BlueprintName = "BloomlyWidgets"
               ReferencedContainer = "container:Bloomly.xcodeproj">
            </BuildableReference>
         </BuildActionEntry>
         <BuildActionEntry
            buildForTesting = "YES"
            buildForRunning = "YES"
            buildForProfiling = "YES"
            buildForArchiving = "YES"
            buildForAnalyzing = "YES">
            <BuildableReference
               BuildableIdentifier = "primary"
               BlueprintIdentifier = "42F23C5979F57F41718AC9D9"
               BuildableName = "ContentTestsTarget.xctest"
               BlueprintName = "ContentTestsTarget"
               ReferencedContainer = "container:Bloomly.xcodeproj">
            </BuildableReference>
         </BuildActionEntry>
         <BuildActionEntry
            buildForTesting = "YES"
            buildForRunning = "YES"
            buildForProfiling = "YES"
            buildForArchiving = "YES"
            buildForAnalyzing = "YES">
            <BuildableReference
               BuildableIdentifier = "primary"
               BlueprintIdentifier = "382A495A15993B02D323D4A1"
               BuildableName = "DesignSystemTestsTarget.xctest"
               BlueprintName = "DesignSystemTestsTarget"
               ReferencedContainer = "container:Bloomly.xcodeproj">
            </BuildableReference>
         </BuildActionEntry>
         <BuildActionEntry
            buildForTesting = "YES"
            buildForRunning = "YES"
            buildForProfiling = "YES"
            buildForArchiving = "YES"
            buildForAnalyzing = "YES">
            <BuildableReference
               BuildableIdentifier = "primary"
               BlueprintIdentifier = "A6A733126D5FEC84070BA1C2"
               BuildableName = "MeasurementsTestsTarget.xctest"
               BlueprintName = "MeasurementsTestsTarget"
               ReferencedContainer = "container:Bloomly.xcodeproj">
            </BuildableReference>
         </BuildActionEntry>
         <BuildActionEntry
            buildForTesting = "YES"
            buildForRunning = "YES"
            buildForProfiling = "YES"
            buildForArchiving = "YES"
            buildForAnalyzing = "YES">
            <BuildableReference
               BuildableIdentifier = "primary"
               BlueprintIdentifier = "9DC73FC8CCB77F1C579FB73E"
               BuildableName = "PaywallTestsTarget.xctest"
               BlueprintName = "PaywallTestsTarget"
               ReferencedContainer = "container:Bloomly.xcodeproj">
            </BuildableReference>
         </BuildActionEntry>
         <BuildActionEntry
            buildForTesting = "YES"
            buildForRunning = "YES"
            buildForProfiling = "YES"
            buildForArchiving = "YES"
            buildForAnalyzing = "YES">
            <BuildableReference
               BuildableIdentifier = "primary"
               BlueprintIdentifier = "C24FE852C5DF4FBEA981129E"
               BuildableName = "SyncTestsTarget.xctest"
               BlueprintName = "SyncTestsTarget"
               ReferencedContainer = "container:Bloomly.xcodeproj">
            </BuildableReference>
         </BuildActionEntry>
         <BuildActionEntry
            buildForTesting = "YES"
            buildForRunning = "YES"
            buildForProfiling = "YES"
            buildForArchiving = "YES"
            buildForAnalyzing = "YES">
            <BuildableReference
               BuildableIdentifier = "primary"
               BlueprintIdentifier = "D529B3FC807976E45D9E2A16"
               BuildableName = "TimelineTestsTarget.xctest"
               BlueprintName = "TimelineTestsTarget"
               ReferencedContainer = "container:Bloomly.xcodeproj">
            </BuildableReference>
         </BuildActionEntry>
         <BuildActionEntry
            buildForTesting = "YES"
            buildForRunning = "YES"
            buildForProfiling = "YES"
            buildForArchiving = "YES"
            buildForAnalyzing = "YES">
            <BuildableReference
               BuildableIdentifier = "primary"
               BlueprintIdentifier = "42B4B6BE8E1F638510D260DA"
               BuildableName = "TrackingTestsTarget.xctest"
               BlueprintName = "TrackingTestsTarget"
               ReferencedContainer = "container:Bloomly.xcodeproj">
            </BuildableReference>
         </BuildActionEntry>
         <BuildActionEntry
            buildForTesting = "YES"
            buildForRunning = "YES"
            buildForProfiling = "YES"
            buildForArchiving = "YES"
            buildForAnalyzing = "YES">
            <BuildableReference
               BuildableIdentifier = "primary"
               BlueprintIdentifier = "D5B912728FDE5D89741AF166"
               BuildableName = "WatchAppTestsTarget.xctest"
               BlueprintName = "WatchAppTestsTarget"
               ReferencedContainer = "container:Bloomly.xcodeproj">
            </BuildableReference>
         </BuildActionEntry>
         <BuildActionEntry
            buildForTesting = "YES"
            buildForRunning = "YES"
            buildForProfiling = "YES"
            buildForArchiving = "YES"
            buildForAnalyzing = "YES">
            <BuildableReference
               BuildableIdentifier = "primary"
               BlueprintIdentifier = "9EE3655589918DA2D9873317"
               BuildableName = "WidgetsTestsTarget.xctest"
               BlueprintName = "WidgetsTestsTarget"
               ReferencedContainer = "container:Bloomly.xcodeproj">
            </BuildableReference>
         </BuildActionEntry>
      </BuildActionEntries>
   </BuildAction>
   <TestAction
      buildConfiguration = "Debug"
      selectedDebuggerIdentifier = "Xcode.DebuggerFoundation.Debugger.LLDB"
      selectedLauncherIdentifier = "Xcode.DebuggerFoundation.Launcher.LLDB"
      shouldUseLaunchSchemeArgsEnv = "YES">
      <Testables>
         <TestableReference
            skipped = "NO"
            parallelizable = "NO">
            <BuildableReference
               BuildableIdentifier = "primary"
               BlueprintIdentifier = "AA02F76C55B8DB90B241A1C2"
               BuildableName = "BloomlyTests.xctest"
               BlueprintName = "BloomlyTests"
               ReferencedContainer = "container:Bloomly.xcodeproj">
            </BuildableReference>
         </TestableReference>
         <TestableReference
            skipped = "NO"
            parallelizable = "NO">
            <BuildableReference
               BuildableIdentifier = "primary"
               BlueprintIdentifier = "0EBC79E75494EE6ED3920E69"
               BuildableName = "BloomlyUITests.xctest"
               BlueprintName = "BloomlyUITests"
               ReferencedContainer = "container:Bloomly.xcodeproj">
            </BuildableReference>
         </TestableReference>
         <TestableReference
            skipped = "NO"
            parallelizable = "NO">
            <BuildableReference
               BuildableIdentifier = "primary"
               BlueprintIdentifier = "42F23C5979F57F41718AC9D9"
               BuildableName = "ContentTestsTarget.xctest"
               BlueprintName = "ContentTestsTarget"
               ReferencedContainer = "container:Bloomly.xcodeproj">
            </BuildableReference>
         </TestableReference>
         <TestableReference
            skipped = "NO"
            parallelizable = "NO">
            <BuildableReference
               BuildableIdentifier = "primary"
               BlueprintIdentifier = "382A495A15993B02D323D4A1"
               BuildableName = "DesignSystemTestsTarget.xctest"
               BlueprintName = "DesignSystemTestsTarget"
               ReferencedContainer = "container:Bloomly.xcodeproj">
            </BuildableReference>
         </TestableReference>
         <TestableReference
            skipped = "NO"
            parallelizable = "NO">
            <BuildableReference
               BuildableIdentifier = "primary"
               BlueprintIdentifier = "A6A733126D5FEC84070BA1C2"
               BuildableName = "MeasurementsTestsTarget.xctest"
               BlueprintName = "MeasurementsTestsTarget"
               ReferencedContainer = "container:Bloomly.xcodeproj">
            </BuildableReference>
         </TestableReference>
         <TestableReference
            skipped = "NO"
            parallelizable = "NO">
            <BuildableReference
               BuildableIdentifier = "primary"
               BlueprintIdentifier = "9DC73FC8CCB77F1C579FB73E"
               BuildableName = "PaywallTestsTarget.xctest"
               BlueprintName = "PaywallTestsTarget"
               ReferencedContainer = "container:Bloomly.xcodeproj">
            </BuildableReference>
         </TestableReference>
         <TestableReference
            skipped = "NO"
            parallelizable = "NO">
            <BuildableReference
               BuildableIdentifier = "primary"
               BlueprintIdentifier = "C24FE852C5DF4FBEA981129E"
               BuildableName = "SyncTestsTarget.xctest"
               BlueprintName = "SyncTestsTarget"
               ReferencedContainer = "container:Bloomly.xcodeproj">
            </BuildableReference>
         </TestableReference>
         <TestableReference
            skipped = "NO"
            parallelizable = "NO">
            <BuildableReference
               BuildableIdentifier = "primary"
               BlueprintIdentifier = "D529B3FC807976E45D9E2A16"
               BuildableName = "TimelineTestsTarget.xctest"
               BlueprintName = "TimelineTestsTarget"
               ReferencedContainer = "container:Bloomly.xcodeproj">
            </BuildableReference>
         </TestableReference>
         <TestableReference
            skipped = "NO"
            parallelizable = "NO">
            <BuildableReference
               BuildableIdentifier = "primary"
               BlueprintIdentifier = "42B4B6BE8E1F638510D260DA"
               BuildableName = "TrackingTestsTarget.xctest"
               BlueprintName = "TrackingTestsTarget"
               ReferencedContainer = "container:Bloomly.xcodeproj">
            </BuildableReference>
         </TestableReference>
         <TestableReference
            skipped = "NO"
            parallelizable = "NO">
            <BuildableReference
               BuildableIdentifier = "primary"
               BlueprintIdentifier = "D5B912728FDE5D89741AF166"
               BuildableName = "WatchAppTestsTarget.xctest"
               BlueprintName = "WatchAppTestsTarget"
               ReferencedContainer = "container:Bloomly.xcodeproj">
            </BuildableReference>
         </TestableReference>
         <TestableReference
            skipped = "NO"
            parallelizable = "NO">
            <BuildableReference
               BuildableIdentifier = "primary"
               BlueprintIdentifier = "9EE3655589918DA2D9873317"
               BuildableName = "WidgetsTestsTarget.xctest"
               BlueprintName = "WidgetsTestsTarget"
               ReferencedContainer = "container:Bloomly.xcodeproj">
            </BuildableReference>
         </TestableReference>
      </Testables>
   </TestAction>
   <LaunchAction
      buildConfiguration = "Debug"
      selectedDebuggerIdentifier = "Xcode.DebuggerFoundation.Debugger.LLDB"
      selectedLauncherIdentifier = "Xcode.DebuggerFoundation.Launcher.LLDB"
      launchStyle = "0"
      useCustomWorkingDirectory = "NO"
      ignoresPersistentStateOnLaunch = "NO"
      debugDocumentVersioning = "YES"
      debugServiceExtension = "internal"
      allowLocationSimulation = "YES">
      <BuildableProductRunnable
         runnableDebuggingMode = "0">
         <BuildableReference
            BuildableIdentifier = "primary"
            BlueprintIdentifier = "632F845282F851F60815AD07"
            BuildableName = "Bloomly.app"
            BlueprintName = "Bloomly"
            ReferencedContainer = "container:Bloomly.xcodeproj">
         </BuildableReference>
      </BuildableProductRunnable>
   </LaunchAction>
   <ProfileAction
      buildConfiguration = "Release"
      shouldUseLaunchSchemeArgsEnv = "YES"
      savedToolIdentifier = ""
      useCustomWorkingDirectory = "NO"
      debugDocumentVersioning = "YES">
      <BuildableProductRunnable
         runnableDebuggingMode = "0">
         <BuildableReference
            BuildableIdentifier = "primary"
            BlueprintIdentifier = "632F845282F851F60815AD07"
            BuildableName = "Bloomly.app"
            BlueprintName = "Bloomly"
            ReferencedContainer = "container:Bloomly.xcodeproj">
         </BuildableReference>
      </BuildableProductRunnable>
   </ProfileAction>
   <AnalyzeAction
      buildConfiguration = "Debug">
   </AnalyzeAction>
   <ArchiveAction
      buildConfiguration = "Release"
      revealArchiveInOrganizer = "YES">
   </ArchiveAction>
</Scheme>
